
Microsoft Visual Studio Solution File, Format Version 12.00
# Visual Studio Version 16
VisualStudioVersion = 25.0.1703.8
MinimumVisualStudioVersion = 10.0.40219.1
Project("{FAE04EC0-301F-11D3-BF4B-00C04F79EFBC}") = "FixxoBackend", "FixxoBackend\FixxoBackend.csproj", "{151B82B6-1992-4380-9B8F-A8A42C472AA1}"
EndProject
Global
	GlobalSection(SolutionConfigurationPlatforms) = preSolution
		Debug|Any CPU = Debug|Any CPU
		Release|Any CPU = Release|Any CPU
	EndGlobalSection
	GlobalSection(ProjectConfigurationPlatforms) = postSolution
		{151B82B6-1992-4380-9B8F-A8A42C472AA1}.Debug|Any CPU.ActiveCfg = Debug|Any CPU
		{151B82B6-1992-4380-9B8F-A8A42C472AA1}.Debug|Any CPU.Build.0 = Debug|Any CPU
		{151B82B6-1992-4380-9B8F-A8A42C472AA1}.Release|Any CPU.ActiveCfg = Release|Any CPU
		{151B82B6-1992-4380-9B8F-A8A42C472AA1}.Release|Any CPU.Build.0 = Release|Any CPU
	EndGlobalSection
	GlobalSection(SolutionProperties) = preSolution
		HideSolutionNode = FALSE
	EndGlobalSection
	GlobalSection(ExtensibilityGlobals) = postSolution
		SolutionGuid = {80F90FE6-1865-4FEE-A130-13AD80687E5C}
	EndGlobalSection
EndGlobal
